// !$*UTF8*$!
{
	archiveVersion = 1;
	classes = {
	};
	objectVersion = 46;
	objects = {

/* Begin PBXBuildFile section */
		3104E06113D4756D00C01CE3 /* EGOCache.m in Sources */ = {isa = PBXBuildFile; fileRef = 3104E05513D4756D00C01CE3 /* EGOCache.m */; };
		3104E06213D4756D00C01CE3 /* EGOImageButton.m in Sources */ = {isa = PBXBuildFile; fileRef = 3104E05813D4756D00C01CE3 /* EGOImageButton.m */; };
		3104E06313D4756D00C01CE3 /* EGOImageLoadConnection.m in Sources */ = {isa = PBXBuildFile; fileRef = 3104E05B13D4756D00C01CE3 /* EGOImageLoadConnection.m */; };
		3104E06413D4756D00C01CE3 /* EGOImageLoader.m in Sources */ = {isa = PBXBuildFile; fileRef = 3104E05D13D4756D00C01CE3 /* EGOImageLoader.m */; };
		3104E06513D4756D00C01CE3 /* EGOImageView.m in Sources */ = {isa = PBXBuildFile; fileRef = 3104E06013D4756D00C01CE3 /* EGOImageView.m */; };
		310B4E1C13D3C187005FF9C6 /* UIKit.framework in Frameworks */ = {isa = PBXBuildFile; fileRef = 310B4E1B13D3C187005FF9C6 /* UIKit.framework */; };
		310B4E1E13D3C187005FF9C6 /* Foundation.framework in Frameworks */ = {isa = PBXBuildFile; fileRef = 310B4E1D13D3C187005FF9C6 /* Foundation.framework */; };
		310B4E2013D3C187005FF9C6 /* CoreGraphics.framework in Frameworks */ = {isa = PBXBuildFile; fileRef = 310B4E1F13D3C187005FF9C6 /* CoreGraphics.framework */; };
		310B4E2613D3C187005FF9C6 /* InfoPlist.strings in Resources */ = {isa = PBXBuildFile; fileRef = 310B4E2413D3C187005FF9C6 /* InfoPlist.strings */; };
		310B4E2913D3C187005FF9C6 /* main.m in Sources */ = {isa = PBXBuildFile; fileRef = 310B4E2813D3C187005FF9C6 /* main.m */; };
		310B4E2C13D3C187005FF9C6 /* Cloud31_iPhoneAppDelegate.m in Sources */ = {isa = PBXBuildFile; fileRef = 310B4E2B13D3C187005FF9C6 /* Cloud31_iPhoneAppDelegate.m */; };
		310B4E2F13D3C187005FF9C6 /* MainWindow.xib in Resources */ = {isa = PBXBuildFile; fileRef = 310B4E2D13D3C187005FF9C6 /* MainWindow.xib */; };
		310B4E3213D3C187005FF9C6 /* RootViewController.m in Sources */ = {isa = PBXBuildFile; fileRef = 310B4E3113D3C187005FF9C6 /* RootViewController.m */; };
		310B4E3513D3C187005FF9C6 /* RootViewController.xib in Resources */ = {isa = PBXBuildFile; fileRef = 310B4E3313D3C187005FF9C6 /* RootViewController.xib */; };
		310B4E4013D3C1A0005FF9C6 /* navi_logo.png in Resources */ = {isa = PBXBuildFile; fileRef = 310B4E3B13D3C1A0005FF9C6 /* navi_logo.png */; };
		310B4E4113D3C1A0005FF9C6 /* launch.jpg in Resources */ = {isa = PBXBuildFile; fileRef = 310B4E3C13D3C1A0005FF9C6 /* launch.jpg */; };
		310B4E4213D3C1A0005FF9C6 /* launch@2x.jpg in Resources */ = {isa = PBXBuildFile; fileRef = 310B4E3D13D3C1A0005FF9C6 /* launch@2x.jpg */; };
		310B4E4313D3C1A0005FF9C6 /* Icon@2x.jpg in Resources */ = {isa = PBXBuildFile; fileRef = 310B4E3E13D3C1A0005FF9C6 /* Icon@2x.jpg */; };
		310B4E4413D3C1A0005FF9C6 /* Icon.jpg in Resources */ = {isa = PBXBuildFile; fileRef = 310B4E3F13D3C1A0005FF9C6 /* Icon.jpg */; };
		310B4E4A13D3C1CE005FF9C6 /* SignViewController.m in Sources */ = {isa = PBXBuildFile; fileRef = 310B4E4813D3C1CE005FF9C6 /* SignViewController.m */; };
		310B4E4B13D3C1CE005FF9C6 /* SignViewController.xib in Resources */ = {isa = PBXBuildFile; fileRef = 310B4E4913D3C1CE005FF9C6 /* SignViewController.xib */; };
		310B4E4D13D3D07F005FF9C6 /* Introduction_logo.png in Resources */ = {isa = PBXBuildFile; fileRef = 310B4E4C13D3D07F005FF9C6 /* Introduction_logo.png */; };
		310B4E6313D3D12A005FF9C6 /* ASIAuthenticationDialog.m in Sources */ = {isa = PBXBuildFile; fileRef = 310B4E5013D3D12A005FF9C6 /* ASIAuthenticationDialog.m */; };
		310B4E6413D3D12A005FF9C6 /* ASIDataCompressor.m in Sources */ = {isa = PBXBuildFile; fileRef = 310B4E5313D3D12A005FF9C6 /* ASIDataCompressor.m */; };
		310B4E6513D3D12A005FF9C6 /* ASIDataDecompressor.m in Sources */ = {isa = PBXBuildFile; fileRef = 310B4E5513D3D12A005FF9C6 /* ASIDataDecompressor.m */; };
		310B4E6613D3D12A005FF9C6 /* ASIDownloadCache.m in Sources */ = {isa = PBXBuildFile; fileRef = 310B4E5713D3D12A005FF9C6 /* ASIDownloadCache.m */; };
		310B4E6713D3D12A005FF9C6 /* ASIFormDataRequest.m in Sources */ = {isa = PBXBuildFile; fileRef = 310B4E5913D3D12A005FF9C6 /* ASIFormDataRequest.m */; };
		310B4E6813D3D12A005FF9C6 /* ASIHTTPRequest.m in Sources */ = {isa = PBXBuildFile; fileRef = 310B4E5B13D3D12A005FF9C6 /* ASIHTTPRequest.m */; };
		310B4E6913D3D12A005FF9C6 /* ASIInputStream.m in Sources */ = {isa = PBXBuildFile; fileRef = 310B4E5F13D3D12A005FF9C6 /* ASIInputStream.m */; };
		310B4E6A13D3D12A005FF9C6 /* ASINetworkQueue.m in Sources */ = {isa = PBXBuildFile; fileRef = 310B4E6113D3D12A005FF9C6 /* ASINetworkQueue.m */; };
		310B4E6D13D3D15C005FF9C6 /* Reachability.m in Sources */ = {isa = PBXBuildFile; fileRef = 310B4E6C13D3D15C005FF9C6 /* Reachability.m */; };
		310B4E7313D3D1CB005FF9C6 /* CFNetwork.framework in Frameworks */ = {isa = PBXBuildFile; fileRef = 310B4E7213D3D1CB005FF9C6 /* CFNetwork.framework */; };
		310B4E7513D3D1D0005FF9C6 /* SystemConfiguration.framework in Frameworks */ = {isa = PBXBuildFile; fileRef = 310B4E7413D3D1D0005FF9C6 /* SystemConfiguration.framework */; };
		310B4E7713D3D1D9005FF9C6 /* MobileCoreServices.framework in Frameworks */ = {isa = PBXBuildFile; fileRef = 310B4E7613D3D1D9005FF9C6 /* MobileCoreServices.framework */; };
		310B4E7913D3D1E5005FF9C6 /* libz.1.2.3.dylib in Frameworks */ = {isa = PBXBuildFile; fileRef = 310B4E7813D3D1E5005FF9C6 /* libz.1.2.3.dylib */; };
		310B4E7D13D3D242005FF9C6 /* UserInfoContainer.m in Sources */ = {isa = PBXBuildFile; fileRef = 310B4E7C13D3D242005FF9C6 /* UserInfoContainer.m */; };
		310B4F7B13D3DCA0005FF9C6 /* CDataScanner.m in Sources */ = {isa = PBXBuildFile; fileRef = 310B4F6413D3DCA0005FF9C6 /* CDataScanner.m */; };
		310B4F7C13D3DCA0005FF9C6 /* CFilteringJSONSerializer.m in Sources */ = {isa = PBXBuildFile; fileRef = 310B4F6713D3DCA0005FF9C6 /* CFilteringJSONSerializer.m */; };
		310B4F7D13D3DCA0005FF9C6 /* CJSONDeserializer_BlocksExtensions.m in Sources */ = {isa = PBXBuildFile; fileRef = 310B4F6913D3DCA0005FF9C6 /* CJSONDeserializer_BlocksExtensions.m */; };
		310B4F7E13D3DCA0005FF9C6 /* CJSONSerialization.m in Sources */ = {isa = PBXBuildFile; fileRef = 310B4F6B13D3DCA0005FF9C6 /* CJSONSerialization.m */; };
		310B4F7F13D3DCA0005FF9C6 /* CJSONSerializedData.m in Sources */ = {isa = PBXBuildFile; fileRef = 310B4F6D13D3DCA0005FF9C6 /* CJSONSerializedData.m */; };
		310B4F8013D3DCA0005FF9C6 /* CDataScanner_Extensions.m in Sources */ = {isa = PBXBuildFile; fileRef = 310B4F7013D3DCA0005FF9C6 /* CDataScanner_Extensions.m */; };
		310B4F8113D3DCA0005FF9C6 /* NSDictionary_JSONExtensions.m in Sources */ = {isa = PBXBuildFile; fileRef = 310B4F7213D3DCA0005FF9C6 /* NSDictionary_JSONExtensions.m */; };
		310B4F8213D3DCA0005FF9C6 /* CJSONDeserializer.m in Sources */ = {isa = PBXBuildFile; fileRef = 310B4F7513D3DCA0005FF9C6 /* CJSONDeserializer.m */; };
		310B4F8313D3DCA0005FF9C6 /* CJSONScanner.m in Sources */ = {isa = PBXBuildFile; fileRef = 310B4F7713D3DCA0005FF9C6 /* CJSONScanner.m */; };
		310B4F8413D3DCA0005FF9C6 /* CJSONSerializer.m in Sources */ = {isa = PBXBuildFile; fileRef = 310B4F7913D3DCA0005FF9C6 /* CJSONSerializer.m */; };
		3116F7CF13D3EAAC00DAA74A /* RootTabBar.m in Sources */ = {isa = PBXBuildFile; fileRef = 3116F7CE13D3EAAC00DAA74A /* RootTabBar.m */; };
		3116F7D113D3EE6D00DAA74A /* tab_company.png in Resources */ = {isa = PBXBuildFile; fileRef = 3116F7D013D3EE6D00DAA74A /* tab_company.png */; };
		3116F7D313D3EE9900DAA74A /* tab_search.png in Resources */ = {isa = PBXBuildFile; fileRef = 3116F7D213D3EE9900DAA74A /* tab_search.png */; };
		3116F7D713D3EF2E00DAA74A /* tab_more.png in Resources */ = {isa = PBXBuildFile; fileRef = 3116F7D613D3EF2E00DAA74A /* tab_more.png */; };
		3116F7DE13D3F08B00DAA74A /* EGORefreshTableHeaderView.m in Sources */ = {isa = PBXBuildFile; fileRef = 3116F7DD13D3F08B00DAA74A /* EGORefreshTableHeaderView.m */; };
		3116F7E813D3F39F00DAA74A /* QuartzCore.framework in Frameworks */ = {isa = PBXBuildFile; fileRef = 3116F7E713D3F39F00DAA74A /* QuartzCore.framework */; };
		3116F85D13D3F4D200DAA74A /* RLViewController.m in Sources */ = {isa = PBXBuildFile; fileRef = 3116F85C13D3F4D200DAA74A /* RLViewController.m */; };
		3116F86013D3F63400DAA74A /* blueArrow.png in Resources */ = {isa = PBXBuildFile; fileRef = 3116F85E13D3F63400DAA74A /* blueArrow.png */; };
		3116F86113D3F63400DAA74A /* blueArrow@2x.png in Resources */ = {isa = PBXBuildFile; fileRef = 3116F85F13D3F63400DAA74A /* blueArrow@2x.png */; };
		3116F86413D3F6D400DAA74A /* CompanyViewController.m in Sources */ = {isa = PBXBuildFile; fileRef = 3116F86313D3F6D400DAA74A /* CompanyViewController.m */; };
		3116F86713D3FDD900DAA74A /* FeedTableViewCell.m in Sources */ = {isa = PBXBuildFile; fileRef = 3116F86613D3FDD900DAA74A /* FeedTableViewCell.m */; };
		3116F87A13D3FF0B00DAA74A /* default.png in Resources */ = {isa = PBXBuildFile; fileRef = 3116F87913D3FF0B00DAA74A /* default.png */; };
		311CDFE913D45F77009E818B /* SettingViewController.m in Sources */ = {isa = PBXBuildFile; fileRef = 311CDFE813D45F77009E818B /* SettingViewController.m */; };
		311CDFF013D464D8009E818B /* FeedPostViewController.m in Sources */ = {isa = PBXBuildFile; fileRef = 311CDFEE13D464D8009E818B /* FeedPostViewController.m */; };
		311CDFF113D464D8009E818B /* FeedPostViewController.xib in Resources */ = {isa = PBXBuildFile; fileRef = 311CDFEF13D464D8009E818B /* FeedPostViewController.xib */; };
		311CDFF413D46C1A009E818B /* UserPictureContainer.m in Sources */ = {isa = PBXBuildFile; fileRef = 311CDFF313D46C1A009E818B /* UserPictureContainer.m */; };
		317FC1F713D54FBC00F0EEF3 /* SearchViewController.m in Sources */ = {isa = PBXBuildFile; fileRef = 317FC1F513D54FBC00F0EEF3 /* SearchViewController.m */; };
		317FC1F813D54FBC00F0EEF3 /* SearchViewController.xib in Resources */ = {isa = PBXBuildFile; fileRef = 317FC1F613D54FBC00F0EEF3 /* SearchViewController.xib */; };
		319818CD13D53B2C00CD6002 /* CommentInfoView.m in Sources */ = {isa = PBXBuildFile; fileRef = 319818CC13D53B2C00CD6002 /* CommentInfoView.m */; };
		319818DB13D542DE00CD6002 /* comment.png in Resources */ = {isa = PBXBuildFile; fileRef = 319818D813D542DE00CD6002 /* comment.png */; };
		319818DC13D542DE00CD6002 /* star_on.png in Resources */ = {isa = PBXBuildFile; fileRef = 319818D913D542DE00CD6002 /* star_on.png */; };
		319818DD13D542DE00CD6002 /* star_off.png in Resources */ = {isa = PBXBuildFile; fileRef = 319818DA13D542DE00CD6002 /* star_off.png */; };
		319818DF13D5446A00CD6002 /* cell_bg.jpg in Resources */ = {isa = PBXBuildFile; fileRef = 319818DE13D5446A00CD6002 /* cell_bg.jpg */; };
		319818E113D545D200CD6002 /* cell_bg2.jpg in Resources */ = {isa = PBXBuildFile; fileRef = 319818E013D545D200CD6002 /* cell_bg2.jpg */; };
		319818E313D5463700CD6002 /* cell_bg.png in Resources */ = {isa = PBXBuildFile; fileRef = 319818E213D5463700CD6002 /* cell_bg.png */; };
		319818E513D5464500CD6002 /* cell_bg2.png in Resources */ = {isa = PBXBuildFile; fileRef = 319818E413D5464500CD6002 /* cell_bg2.png */; };
		319818E713D5485200CD6002 /* CellGradientBackground.png in Resources */ = {isa = PBXBuildFile; fileRef = 319818E613D5485200CD6002 /* CellGradientBackground.png */; };
		31B3748013D59D210035CE20 /* tab_home.png in Resources */ = {isa = PBXBuildFile; fileRef = 31B3747F13D59D210035CE20 /* tab_home.png */; };
		31B3748313D59D430035CE20 /* tab_setting.png in Resources */ = {isa = PBXBuildFile; fileRef = 31B3748213D59D430035CE20 /* tab_setting.png */; };
		31B3748513D5A0040035CE20 /* tab_bubble.png in Resources */ = {isa = PBXBuildFile; fileRef = 31B3748413D5A0040035CE20 /* tab_bubble.png */; };
		31B3748713D5A27A0035CE20 /* tabbar_bubble.png in Resources */ = {isa = PBXBuildFile; fileRef = 31B3748613D5A27A0035CE20 /* tabbar_bubble.png */; };
		31B3748A13D5AAE30035CE20 /* HomeViewController.m in Sources */ = {isa = PBXBuildFile; fileRef = 31B3748913D5AAE30035CE20 /* HomeViewController.m */; };
		31B3748E13D5B1650035CE20 /* at.png in Resources */ = {isa = PBXBuildFile; fileRef = 31B3748B13D5B1640035CE20 /* at.png */; };
		31B3748F13D5B1650035CE20 /* shop.png in Resources */ = {isa = PBXBuildFile; fileRef = 31B3748C13D5B1640035CE20 /* shop.png */; };
		31B3749013D5B1650035CE20 /* gps.png in Resources */ = {isa = PBXBuildFile; fileRef = 31B3748D13D5B1650035CE20 /* gps.png */; };
		31B3749213D5B2E40035CE20 /* attach.png in Resources */ = {isa = PBXBuildFile; fileRef = 31B3749113D5B2E40035CE20 /* attach.png */; };
		31B3750713D5B59F0035CE20 /* MessageViewController.m in Sources */ = {isa = PBXBuildFile; fileRef = 31B3750613D5B59E0035CE20 /* MessageViewController.m */; };
		31B3750A13D5B5D40035CE20 /* MessageTableViewCell.m in Sources */ = {isa = PBXBuildFile; fileRef = 31B3750913D5B5D30035CE20 /* MessageTableViewCell.m */; };
		31F9B0E113D58B9600C909B9 /* tab_message.png in Resources */ = {isa = PBXBuildFile; fileRef = 31F9B0E013D58B9600C909B9 /* tab_message.png */; };
/* End PBXBuildFile section */

/* Begin PBXFileReference section */
		3104E05413D4756D00C01CE3 /* EGOCache.h */ = {isa = PBXFileReference; fileEncoding = 4; lastKnownFileType = sourcecode.c.h; path = EGOCache.h; sourceTree = "<group>"; };
		3104E05513D4756D00C01CE3 /* EGOCache.m */ = {isa = PBXFileReference; fileEncoding = 4; lastKnownFileType = sourcecode.c.objc; path = EGOCache.m; sourceTree = "<group>"; };
		3104E05713D4756D00C01CE3 /* EGOImageButton.h */ = {isa = PBXFileReference; fileEncoding = 4; lastKnownFileType = sourcecode.c.h; path = EGOImageButton.h; sourceTree = "<group>"; };
		3104E05813D4756D00C01CE3 /* EGOImageButton.m */ = {isa = PBXFileReference; fileEncoding = 4; lastKnownFileType = sourcecode.c.objc; path = EGOImageButton.m; sourceTree = "<group>"; };
		3104E05A13D4756D00C01CE3 /* EGOImageLoadConnection.h */ = {isa = PBXFileReference; fileEncoding = 4; lastKnownFileType = sourcecode.c.h; path = EGOImageLoadConnection.h; sourceTree = "<group>"; };
		3104E05B13D4756D00C01CE3 /* EGOImageLoadConnection.m */ = {isa = PBXFileReference; fileEncoding = 4; lastKnownFileType = sourcecode.c.objc; path = EGOImageLoadConnection.m; sourceTree = "<group>"; };
		3104E05C13D4756D00C01CE3 /* EGOImageLoader.h */ = {isa = PBXFileReference; fileEncoding = 4; lastKnownFileType = sourcecode.c.h; path = EGOImageLoader.h; sourceTree = "<group>"; };
		3104E05D13D4756D00C01CE3 /* EGOImageLoader.m */ = {isa = PBXFileReference; fileEncoding = 4; lastKnownFileType = sourcecode.c.objc; path = EGOImageLoader.m; sourceTree = "<group>"; };
		3104E05F13D4756D00C01CE3 /* EGOImageView.h */ = {isa = PBXFileReference; fileEncoding = 4; lastKnownFileType = sourcecode.c.h; path = EGOImageView.h; sourceTree = "<group>"; };
		3104E06013D4756D00C01CE3 /* EGOImageView.m */ = {isa = PBXFileReference; fileEncoding = 4; lastKnownFileType = sourcecode.c.objc; path = EGOImageView.m; sourceTree = "<group>"; };
		310B4E1713D3C187005FF9C6 /* Cloud31-iPhone.app */ = {isa = PBXFileReference; explicitFileType = wrapper.application; includeInIndex = 0; path = "Cloud31-iPhone.app"; sourceTree = BUILT_PRODUCTS_DIR; };
		310B4E1B13D3C187005FF9C6 /* UIKit.framework */ = {isa = PBXFileReference; lastKnownFileType = wrapper.framework; name = UIKit.framework; path = System/Library/Frameworks/UIKit.framework; sourceTree = SDKROOT; };
		310B4E1D13D3C187005FF9C6 /* Foundation.framework */ = {isa = PBXFileReference; lastKnownFileType = wrapper.framework; name = Foundation.framework; path = System/Library/Frameworks/Foundation.framework; sourceTree = SDKROOT; };
		310B4E1F13D3C187005FF9C6 /* CoreGraphics.framework */ = {isa = PBXFileReference; lastKnownFileType = wrapper.framework; name = CoreGraphics.framework; path = System/Library/Frameworks/CoreGraphics.framework; sourceTree = SDKROOT; };
		310B4E2313D3C187005FF9C6 /* Cloud31-iPhone-Info.plist */ = {isa = PBXFileReference; lastKnownFileType = text.plist.xml; path = "Cloud31-iPhone-Info.plist"; sourceTree = "<group>"; };
		310B4E2513D3C187005FF9C6 /* en */ = {isa = PBXFileReference; lastKnownFileType = text.plist.strings; name = en; path = en.lproj/InfoPlist.strings; sourceTree = "<group>"; };
		310B4E2713D3C187005FF9C6 /* Cloud31-iPhone-Prefix.pch */ = {isa = PBXFileReference; lastKnownFileType = sourcecode.c.h; path = "Cloud31-iPhone-Prefix.pch"; sourceTree = "<group>"; };
		310B4E2813D3C187005FF9C6 /* main.m */ = {isa = PBXFileReference; lastKnownFileType = sourcecode.c.objc; path = main.m; sourceTree = "<group>"; };
		310B4E2A13D3C187005FF9C6 /* Cloud31_iPhoneAppDelegate.h */ = {isa = PBXFileReference; lastKnownFileType = sourcecode.c.h; path = Cloud31_iPhoneAppDelegate.h; sourceTree = "<group>"; };
		310B4E2B13D3C187005FF9C6 /* Cloud31_iPhoneAppDelegate.m */ = {isa = PBXFileReference; lastKnownFileType = sourcecode.c.objc; path = Cloud31_iPhoneAppDelegate.m; sourceTree = "<group>"; };
		310B4E2E13D3C187005FF9C6 /* en */ = {isa = PBXFileReference; lastKnownFileType = file.xib; name = en; path = en.lproj/MainWindow.xib; sourceTree = "<group>"; };
		310B4E3013D3C187005FF9C6 /* RootViewController.h */ = {isa = PBXFileReference; lastKnownFileType = sourcecode.c.h; path = RootViewController.h; sourceTree = "<group>"; };
		310B4E3113D3C187005FF9C6 /* RootViewController.m */ = {isa = PBXFileReference; lastKnownFileType = sourcecode.c.objc; path = RootViewController.m; sourceTree = "<group>"; };
		310B4E3413D3C187005FF9C6 /* en */ = {isa = PBXFileReference; lastKnownFileType = file.xib; name = en; path = en.lproj/RootViewController.xib; sourceTree = "<group>"; };
		310B4E3B13D3C1A0005FF9C6 /* navi_logo.png */ = {isa = PBXFileReference; lastKnownFileType = image.png; path = navi_logo.png; sourceTree = "<group>"; };
		310B4E3C13D3C1A0005FF9C6 /* launch.jpg */ = {isa = PBXFileReference; lastKnownFileType = image.jpeg; path = launch.jpg; sourceTree = "<group>"; };
		310B4E3D13D3C1A0005FF9C6 /* launch@2x.jpg */ = {isa = PBXFileReference; lastKnownFileType = image.jpeg; path = "launch@2x.jpg"; sourceTree = "<group>"; };
		310B4E3E13D3C1A0005FF9C6 /* Icon@2x.jpg */ = {isa = PBXFileReference; lastKnownFileType = image.jpeg; path = "Icon@2x.jpg"; sourceTree = "<group>"; };
		310B4E3F13D3C1A0005FF9C6 /* Icon.jpg */ = {isa = PBXFileReference; lastKnownFileType = image.jpeg; path = Icon.jpg; sourceTree = "<group>"; };
		310B4E4713D3C1CE005FF9C6 /* SignViewController.h */ = {isa = PBXFileReference; fileEncoding = 4; lastKnownFileType = sourcecode.c.h; path = SignViewController.h; sourceTree = "<group>"; };
		310B4E4813D3C1CE005FF9C6 /* SignViewController.m */ = {isa = PBXFileReference; fileEncoding = 4; lastKnownFileType = sourcecode.c.objc; path = SignViewController.m; sourceTree = "<group>"; };
		310B4E4913D3C1CE005FF9C6 /* SignViewController.xib */ = {isa = PBXFileReference; fileEncoding = 4; lastKnownFileType = file.xib; path = SignViewController.xib; sourceTree = "<group>"; };
		310B4E4C13D3D07F005FF9C6 /* Introduction_logo.png */ = {isa = PBXFileReference; lastKnownFileType = image.png; path = Introduction_logo.png; sourceTree = "<group>"; };
		310B4E4F13D3D12A005FF9C6 /* ASIAuthenticationDialog.h */ = {isa = PBXFileReference; fileEncoding = 4; lastKnownFileType = sourcecode.c.h; path = ASIAuthenticationDialog.h; sourceTree = "<group>"; };
		310B4E5013D3D12A005FF9C6 /* ASIAuthenticationDialog.m */ = {isa = PBXFileReference; fileEncoding = 4; lastKnownFileType = sourcecode.c.objc; path = ASIAuthenticationDialog.m; sourceTree = "<group>"; };
		310B4E5113D3D12A005FF9C6 /* ASICacheDelegate.h */ = {isa = PBXFileReference; fileEncoding = 4; lastKnownFileType = sourcecode.c.h; path = ASICacheDelegate.h; sourceTree = "<group>"; };
		310B4E5213D3D12A005FF9C6 /* ASIDataCompressor.h */ = {isa = PBXFileReference; fileEncoding = 4; lastKnownFileType = sourcecode.c.h; path = ASIDataCompressor.h; sourceTree = "<group>"; };
		310B4E5313D3D12A005FF9C6 /* ASIDataCompressor.m */ = {isa = PBXFileReference; fileEncoding = 4; lastKnownFileType = sourcecode.c.objc; path = ASIDataCompressor.m; sourceTree = "<group>"; };
		310B4E5413D3D12A005FF9C6 /* ASIDataDecompressor.h */ = {isa = PBXFileReference; fileEncoding = 4; lastKnownFileType = sourcecode.c.h; path = ASIDataDecompressor.h; sourceTree = "<group>"; };
		310B4E5513D3D12A005FF9C6 /* ASIDataDecompressor.m */ = {isa = PBXFileReference; fileEncoding = 4; lastKnownFileType = sourcecode.c.objc; path = ASIDataDecompressor.m; sourceTree = "<group>"; };
		310B4E5613D3D12A005FF9C6 /* ASIDownloadCache.h */ = {isa = PBXFileReference; fileEncoding = 4; lastKnownFileType = sourcecode.c.h; path = ASIDownloadCache.h; sourceTree = "<group>"; };
		310B4E5713D3D12A005FF9C6 /* ASIDownloadCache.m */ = {isa = PBXFileReference; fileEncoding = 4; lastKnownFileType = sourcecode.c.objc; path = ASIDownloadCache.m; sourceTree = "<group>"; };
		310B4E5813D3D12A005FF9C6 /* ASIFormDataRequest.h */ = {isa = PBXFileReference; fileEncoding = 4; lastKnownFileType = sourcecode.c.h; path = ASIFormDataRequest.h; sourceTree = "<group>"; };
		310B4E5913D3D12A005FF9C6 /* ASIFormDataRequest.m */ = {isa = PBXFileReference; fileEncoding = 4; lastKnownFileType = sourcecode.c.objc; path = ASIFormDataRequest.m; sourceTree = "<group>"; };
		310B4E5A13D3D12A005FF9C6 /* ASIHTTPRequest.h */ = {isa = PBXFileReference; fileEncoding = 4; lastKnownFileType = sourcecode.c.h; path = ASIHTTPRequest.h; sourceTree = "<group>"; };
		310B4E5B13D3D12A005FF9C6 /* ASIHTTPRequest.m */ = {isa = PBXFileReference; fileEncoding = 4; lastKnownFileType = sourcecode.c.objc; path = ASIHTTPRequest.m; sourceTree = "<group>"; };
		310B4E5C13D3D12A005FF9C6 /* ASIHTTPRequestConfig.h */ = {isa = PBXFileReference; fileEncoding = 4; lastKnownFileType = sourcecode.c.h; path = ASIHTTPRequestConfig.h; sourceTree = "<group>"; };
		310B4E5D13D3D12A005FF9C6 /* ASIHTTPRequestDelegate.h */ = {isa = PBXFileReference; fileEncoding = 4; lastKnownFileType = sourcecode.c.h; path = ASIHTTPRequestDelegate.h; sourceTree = "<group>"; };
		310B4E5E13D3D12A005FF9C6 /* ASIInputStream.h */ = {isa = PBXFileReference; fileEncoding = 4; lastKnownFileType = sourcecode.c.h; path = ASIInputStream.h; sourceTree = "<group>"; };
		310B4E5F13D3D12A005FF9C6 /* ASIInputStream.m */ = {isa = PBXFileReference; fileEncoding = 4; lastKnownFileType = sourcecode.c.objc; path = ASIInputStream.m; sourceTree = "<group>"; };
		310B4E6013D3D12A005FF9C6 /* ASINetworkQueue.h */ = {isa = PBXFileReference; fileEncoding = 4; lastKnownFileType = sourcecode.c.h; path = ASINetworkQueue.h; sourceTree = "<group>"; };
		310B4E6113D3D12A005FF9C6 /* ASINetworkQueue.m */ = {isa = PBXFileReference; fileEncoding = 4; lastKnownFileType = sourcecode.c.objc; path = ASINetworkQueue.m; sourceTree = "<group>"; };
		310B4E6213D3D12A005FF9C6 /* ASIProgressDelegate.h */ = {isa = PBXFileReference; fileEncoding = 4; lastKnownFileType = sourcecode.c.h; path = ASIProgressDelegate.h; sourceTree = "<group>"; };
		310B4E6B13D3D15C005FF9C6 /* Reachability.h */ = {isa = PBXFileReference; fileEncoding = 4; lastKnownFileType = sourcecode.c.h; path = Reachability.h; sourceTree = "<group>"; };
		310B4E6C13D3D15C005FF9C6 /* Reachability.m */ = {isa = PBXFileReference; fileEncoding = 4; lastKnownFileType = sourcecode.c.objc; path = Reachability.m; sourceTree = "<group>"; };
		310B4E7213D3D1CB005FF9C6 /* CFNetwork.framework */ = {isa = PBXFileReference; lastKnownFileType = wrapper.framework; name = CFNetwork.framework; path = System/Library/Frameworks/CFNetwork.framework; sourceTree = SDKROOT; };
		310B4E7413D3D1D0005FF9C6 /* SystemConfiguration.framework */ = {isa = PBXFileReference; lastKnownFileType = wrapper.framework; name = SystemConfiguration.framework; path = System/Library/Frameworks/SystemConfiguration.framework; sourceTree = SDKROOT; };
		310B4E7613D3D1D9005FF9C6 /* MobileCoreServices.framework */ = {isa = PBXFileReference; lastKnownFileType = wrapper.framework; name = MobileCoreServices.framework; path = System/Library/Frameworks/MobileCoreServices.framework; sourceTree = SDKROOT; };
		310B4E7813D3D1E5005FF9C6 /* libz.1.2.3.dylib */ = {isa = PBXFileReference; lastKnownFileType = "compiled.mach-o.dylib"; name = libz.1.2.3.dylib; path = usr/lib/libz.1.2.3.dylib; sourceTree = SDKROOT; };
		310B4E7B13D3D242005FF9C6 /* UserInfoContainer.h */ = {isa = PBXFileReference; fileEncoding = 4; lastKnownFileType = sourcecode.c.h; path = UserInfoContainer.h; sourceTree = "<group>"; };
		310B4E7C13D3D242005FF9C6 /* UserInfoContainer.m */ = {isa = PBXFileReference; fileEncoding = 4; lastKnownFileType = sourcecode.c.objc; path = UserInfoContainer.m; sourceTree = "<group>"; };
		310B4F6313D3DCA0005FF9C6 /* CDataScanner.h */ = {isa = PBXFileReference; fileEncoding = 4; lastKnownFileType = sourcecode.c.h; path = CDataScanner.h; sourceTree = "<group>"; };
		310B4F6413D3DCA0005FF9C6 /* CDataScanner.m */ = {isa = PBXFileReference; fileEncoding = 4; lastKnownFileType = sourcecode.c.objc; path = CDataScanner.m; sourceTree = "<group>"; };
		310B4F6613D3DCA0005FF9C6 /* CFilteringJSONSerializer.h */ = {isa = PBXFileReference; fileEncoding = 4; lastKnownFileType = sourcecode.c.h; path = CFilteringJSONSerializer.h; sourceTree = "<group>"; };
		310B4F6713D3DCA0005FF9C6 /* CFilteringJSONSerializer.m */ = {isa = PBXFileReference; fileEncoding = 4; lastKnownFileType = sourcecode.c.objc; path = CFilteringJSONSerializer.m; sourceTree = "<group>"; };
		310B4F6813D3DCA0005FF9C6 /* CJSONDeserializer_BlocksExtensions.h */ = {isa = PBXFileReference; fileEncoding = 4; lastKnownFileType = sourcecode.c.h; path = CJSONDeserializer_BlocksExtensions.h; sourceTree = "<group>"; };
		310B4F6913D3DCA0005FF9C6 /* CJSONDeserializer_BlocksExtensions.m */ = {isa = PBXFileReference; fileEncoding = 4; lastKnownFileType = sourcecode.c.objc; path = CJSONDeserializer_BlocksExtensions.m; sourceTree = "<group>"; };
		310B4F6A13D3DCA0005FF9C6 /* CJSONSerialization.h */ = {isa = PBXFileReference; fileEncoding = 4; lastKnownFileType = sourcecode.c.h; path = CJSONSerialization.h; sourceTree = "<group>"; };
		310B4F6B13D3DCA0005FF9C6 /* CJSONSerialization.m */ = {isa = PBXFileReference; fileEncoding = 4; lastKnownFileType = sourcecode.c.objc; path = CJSONSerialization.m; sourceTree = "<group>"; };
		310B4F6C13D3DCA0005FF9C6 /* CJSONSerializedData.h */ = {isa = PBXFileReference; fileEncoding = 4; lastKnownFileType = sourcecode.c.h; path = CJSONSerializedData.h; sourceTree = "<group>"; };
		310B4F6D13D3DCA0005FF9C6 /* CJSONSerializedData.m */ = {isa = PBXFileReference; fileEncoding = 4; lastKnownFileType = sourcecode.c.objc; path = CJSONSerializedData.m; sourceTree = "<group>"; };
		310B4F6F13D3DCA0005FF9C6 /* CDataScanner_Extensions.h */ = {isa = PBXFileReference; fileEncoding = 4; lastKnownFileType = sourcecode.c.h; path = CDataScanner_Extensions.h; sourceTree = "<group>"; };
		310B4F7013D3DCA0005FF9C6 /* CDataScanner_Extensions.m */ = {isa = PBXFileReference; fileEncoding = 4; lastKnownFileType = sourcecode.c.objc; path = CDataScanner_Extensions.m; sourceTree = "<group>"; };
		310B4F7113D3DCA0005FF9C6 /* NSDictionary_JSONExtensions.h */ = {isa = PBXFileReference; fileEncoding = 4; lastKnownFileType = sourcecode.c.h; path = NSDictionary_JSONExtensions.h; sourceTree = "<group>"; };
		310B4F7213D3DCA0005FF9C6 /* NSDictionary_JSONExtensions.m */ = {isa = PBXFileReference; fileEncoding = 4; lastKnownFileType = sourcecode.c.objc; path = NSDictionary_JSONExtensions.m; sourceTree = "<group>"; };
		310B4F7413D3DCA0005FF9C6 /* CJSONDeserializer.h */ = {isa = PBXFileReference; fileEncoding = 4; lastKnownFileType = sourcecode.c.h; path = CJSONDeserializer.h; sourceTree = "<group>"; };
		310B4F7513D3DCA0005FF9C6 /* CJSONDeserializer.m */ = {isa = PBXFileReference; fileEncoding = 4; lastKnownFileType = sourcecode.c.objc; path = CJSONDeserializer.m; sourceTree = "<group>"; };
		310B4F7613D3DCA0005FF9C6 /* CJSONScanner.h */ = {isa = PBXFileReference; fileEncoding = 4; lastKnownFileType = sourcecode.c.h; path = CJSONScanner.h; sourceTree = "<group>"; };
		310B4F7713D3DCA0005FF9C6 /* CJSONScanner.m */ = {isa = PBXFileReference; fileEncoding = 4; lastKnownFileType = sourcecode.c.objc; path = CJSONScanner.m; sourceTree = "<group>"; };
		310B4F7813D3DCA0005FF9C6 /* CJSONSerializer.h */ = {isa = PBXFileReference; fileEncoding = 4; lastKnownFileType = sourcecode.c.h; path = CJSONSerializer.h; sourceTree = "<group>"; };
		310B4F7913D3DCA0005FF9C6 /* CJSONSerializer.m */ = {isa = PBXFileReference; fileEncoding = 4; lastKnownFileType = sourcecode.c.objc; path = CJSONSerializer.m; sourceTree = "<group>"; };
		310B4F7A13D3DCA0005FF9C6 /* JSONRepresentation.h */ = {isa = PBXFileReference; fileEncoding = 4; lastKnownFileType = sourcecode.c.h; path = JSONRepresentation.h; sourceTree = "<group>"; };
		3116F7CD13D3EAAC00DAA74A /* RootTabBar.h */ = {isa = PBXFileReference; fileEncoding = 4; lastKnownFileType = sourcecode.c.h; path = RootTabBar.h; sourceTree = "<group>"; };
		3116F7CE13D3EAAC00DAA74A /* RootTabBar.m */ = {isa = PBXFileReference; fileEncoding = 4; lastKnownFileType = sourcecode.c.objc; path = RootTabBar.m; sourceTree = "<group>"; };
		3116F7D013D3EE6D00DAA74A /* tab_company.png */ = {isa = PBXFileReference; lastKnownFileType = image.png; path = tab_company.png; sourceTree = "<group>"; };
		3116F7D213D3EE9900DAA74A /* tab_search.png */ = {isa = PBXFileReference; lastKnownFileType = image.png; path = tab_search.png; sourceTree = "<group>"; };
		3116F7D613D3EF2E00DAA74A /* tab_more.png */ = {isa = PBXFileReference; lastKnownFileType = image.png; path = tab_more.png; sourceTree = "<group>"; };
		3116F7DC13D3F08B00DAA74A /* EGORefreshTableHeaderView.h */ = {isa = PBXFileReference; fileEncoding = 4; lastKnownFileType = sourcecode.c.h; path = EGORefreshTableHeaderView.h; sourceTree = "<group>"; };
		3116F7DD13D3F08B00DAA74A /* EGORefreshTableHeaderView.m */ = {isa = PBXFileReference; fileEncoding = 4; lastKnownFileType = sourcecode.c.objc; path = EGORefreshTableHeaderView.m; sourceTree = "<group>"; };
		3116F7E713D3F39F00DAA74A /* QuartzCore.framework */ = {isa = PBXFileReference; lastKnownFileType = wrapper.framework; name = QuartzCore.framework; path = System/Library/Frameworks/QuartzCore.framework; sourceTree = SDKROOT; };
		3116F85B13D3F4D200DAA74A /* RLViewController.h */ = {isa = PBXFileReference; fileEncoding = 4; lastKnownFileType = sourcecode.c.h; path = RLViewController.h; sourceTree = "<group>"; };
		3116F85C13D3F4D200DAA74A /* RLViewController.m */ = {isa = PBXFileReference; fileEncoding = 4; lastKnownFileType = sourcecode.c.objc; path = RLViewController.m; sourceTree = "<group>"; };
		3116F85E13D3F63400DAA74A /* blueArrow.png */ = {isa = PBXFileReference; lastKnownFileType = image.png; path = blueArrow.png; sourceTree = "<group>"; };
		3116F85F13D3F63400DAA74A /* blueArrow@2x.png */ = {isa = PBXFileReference; lastKnownFileType = image.png; path = "blueArrow@2x.png"; sourceTree = "<group>"; };
		3116F86213D3F6D400DAA74A /* CompanyViewController.h */ = {isa = PBXFileReference; fileEncoding = 4; lastKnownFileType = sourcecode.c.h; path = CompanyViewController.h; sourceTree = "<group>"; };
		3116F86313D3F6D400DAA74A /* CompanyViewController.m */ = {isa = PBXFileReference; fileEncoding = 4; lastKnownFileType = sourcecode.c.objc; path = CompanyViewController.m; sourceTree = "<group>"; };
		3116F86513D3FDD900DAA74A /* FeedTableViewCell.h */ = {isa = PBXFileReference; fileEncoding = 4; lastKnownFileType = sourcecode.c.h; path = FeedTableViewCell.h; sourceTree = "<group>"; };
		3116F86613D3FDD900DAA74A /* FeedTableViewCell.m */ = {isa = PBXFileReference; fileEncoding = 4; lastKnownFileType = sourcecode.c.objc; path = FeedTableViewCell.m; sourceTree = "<group>"; };
		3116F87913D3FF0B00DAA74A /* default.png */ = {isa = PBXFileReference; lastKnownFileType = image.png; path = default.png; sourceTree = "<group>"; };
		311CDFE713D45F77009E818B /* SettingViewController.h */ = {isa = PBXFileReference; fileEncoding = 4; lastKnownFileType = sourcecode.c.h; path = SettingViewController.h; sourceTree = "<group>"; };
		311CDFE813D45F77009E818B /* SettingViewController.m */ = {isa = PBXFileReference; fileEncoding = 4; lastKnownFileType = sourcecode.c.objc; path = SettingViewController.m; sourceTree = "<group>"; };
		311CDFED13D464D8009E818B /* FeedPostViewController.h */ = {isa = PBXFileReference; fileEncoding = 4; lastKnownFileType = sourcecode.c.h; path = FeedPostViewController.h; sourceTree = "<group>"; };
		311CDFEE13D464D8009E818B /* FeedPostViewController.m */ = {isa = PBXFileReference; fileEncoding = 4; lastKnownFileType = sourcecode.c.objc; path = FeedPostViewController.m; sourceTree = "<group>"; };
		311CDFEF13D464D8009E818B /* FeedPostViewController.xib */ = {isa = PBXFileReference; fileEncoding = 4; lastKnownFileType = file.xib; path = FeedPostViewController.xib; sourceTree = "<group>"; };
		311CDFF213D46C1A009E818B /* UserPictureContainer.h */ = {isa = PBXFileReference; fileEncoding = 4; lastKnownFileType = sourcecode.c.h; path = UserPictureContainer.h; sourceTree = "<group>"; };
		311CDFF313D46C1A009E818B /* UserPictureContainer.m */ = {isa = PBXFileReference; fileEncoding = 4; lastKnownFileType = sourcecode.c.objc; path = UserPictureContainer.m; sourceTree = "<group>"; };
		317FC1F413D54FBC00F0EEF3 /* SearchViewController.h */ = {isa = PBXFileReference; fileEncoding = 4; lastKnownFileType = sourcecode.c.h; path = SearchViewController.h; sourceTree = "<group>"; };
		317FC1F513D54FBC00F0EEF3 /* SearchViewController.m */ = {isa = PBXFileReference; fileEncoding = 4; lastKnownFileType = sourcecode.c.objc; path = SearchViewController.m; sourceTree = "<group>"; };
		317FC1F613D54FBC00F0EEF3 /* SearchViewController.xib */ = {isa = PBXFileReference; fileEncoding = 4; lastKnownFileType = file.xib; path = SearchViewController.xib; sourceTree = "<group>"; };
		319818CB13D53B2C00CD6002 /* CommentInfoView.h */ = {isa = PBXFileReference; fileEncoding = 4; lastKnownFileType = sourcecode.c.h; path = CommentInfoView.h; sourceTree = "<group>"; };
		319818CC13D53B2C00CD6002 /* CommentInfoView.m */ = {isa = PBXFileReference; fileEncoding = 4; lastKnownFileType = sourcecode.c.objc; path = CommentInfoView.m; sourceTree = "<group>"; };
		319818D813D542DE00CD6002 /* comment.png */ = {isa = PBXFileReference; lastKnownFileType = image.png; path = comment.png; sourceTree = "<group>"; };
		319818D913D542DE00CD6002 /* star_on.png */ = {isa = PBXFileReference; lastKnownFileType = image.png; path = star_on.png; sourceTree = "<group>"; };
		319818DA13D542DE00CD6002 /* star_off.png */ = {isa = PBXFileReference; lastKnownFileType = image.png; path = star_off.png; sourceTree = "<group>"; };
		319818DE13D5446A00CD6002 /* cell_bg.jpg */ = {isa = PBXFileReference; lastKnownFileType = image.jpeg; path = cell_bg.jpg; sourceTree = "<group>"; };
		319818E013D545D200CD6002 /* cell_bg2.jpg */ = {isa = PBXFileReference; lastKnownFileType = image.jpeg; path = cell_bg2.jpg; sourceTree = "<group>"; };
		319818E213D5463700CD6002 /* cell_bg.png */ = {isa = PBXFileReference; lastKnownFileType = image.png; path = cell_bg.png; sourceTree = "<group>"; };
		319818E413D5464500CD6002 /* cell_bg2.png */ = {isa = PBXFileReference; lastKnownFileType = image.png; path = cell_bg2.png; sourceTree = "<group>"; };
		319818E613D5485200CD6002 /* CellGradientBackground.png */ = {isa = PBXFileReference; lastKnownFileType = image.png; path = CellGradientBackground.png; sourceTree = "<group>"; };
		31B3747F13D59D210035CE20 /* tab_home.png */ = {isa = PBXFileReference; lastKnownFileType = image.png; path = tab_home.png; sourceTree = "<group>"; };
		31B3748213D59D430035CE20 /* tab_setting.png */ = {isa = PBXFileReference; lastKnownFileType = image.png; path = tab_setting.png; sourceTree = "<group>"; };
		31B3748413D5A0040035CE20 /* tab_bubble.png */ = {isa = PBXFileReference; lastKnownFileType = image.png; path = tab_bubble.png; sourceTree = "<group>"; };
		31B3748613D5A27A0035CE20 /* tabbar_bubble.png */ = {isa = PBXFileReference; lastKnownFileType = image.png; path = tabbar_bubble.png; sourceTree = "<group>"; };
		31B3748813D5AAE30035CE20 /* HomeViewController.h */ = {isa = PBXFileReference; fileEncoding = 4; lastKnownFileType = sourcecode.c.h; path = HomeViewController.h; sourceTree = "<group>"; };
		31B3748913D5AAE30035CE20 /* HomeViewController.m */ = {isa = PBXFileReference; fileEncoding = 4; lastKnownFileType = sourcecode.c.objc; path = HomeViewController.m; sourceTree = "<group>"; };
		31B3748B13D5B1640035CE20 /* at.png */ = {isa = PBXFileReference; lastKnownFileType = image.png; path = at.png; sourceTree = "<group>"; };
		31B3748C13D5B1640035CE20 /* shop.png */ = {isa = PBXFileReference; lastKnownFileType = image.png; path = shop.png; sourceTree = "<group>"; };
		31B3748D13D5B1650035CE20 /* gps.png */ = {isa = PBXFileReference; lastKnownFileType = image.png; path = gps.png; sourceTree = "<group>"; };
		31B3749113D5B2E40035CE20 /* attach.png */ = {isa = PBXFileReference; lastKnownFileType = image.png; path = attach.png; sourceTree = "<group>"; };
		31B3750513D5B59E0035CE20 /* MessageViewController.h */ = {isa = PBXFileReference; fileEncoding = 4; lastKnownFileType = sourcecode.c.h; path = MessageViewController.h; sourceTree = "<group>"; };
		31B3750613D5B59E0035CE20 /* MessageViewController.m */ = {isa = PBXFileReference; fileEncoding = 4; lastKnownFileType = sourcecode.c.objc; path = MessageViewController.m; sourceTree = "<group>"; };
		31B3750813D5B5D30035CE20 /* MessageTableViewCell.h */ = {isa = PBXFileReference; fileEncoding = 4; lastKnownFileType = sourcecode.c.h; path = MessageTableViewCell.h; sourceTree = "<group>"; };
		31B3750913D5B5D30035CE20 /* MessageTableViewCell.m */ = {isa = PBXFileReference; fileEncoding = 4; lastKnownFileType = sourcecode.c.objc; path = MessageTableViewCell.m; sourceTree = "<group>"; };
		31F9B0E013D58B9600C909B9 /* tab_message.png */ = {isa = PBXFileReference; lastKnownFileType = image.png; path = tab_message.png; sourceTree = "<group>"; };
/* End PBXFileReference section */

/* Begin PBXFrameworksBuildPhase section */
		310B4E1413D3C187005FF9C6 /* Frameworks */ = {
			isa = PBXFrameworksBuildPhase;
			buildActionMask = 2147483647;
			files = (
				3116F7E813D3F39F00DAA74A /* QuartzCore.framework in Frameworks */,
				310B4E7913D3D1E5005FF9C6 /* libz.1.2.3.dylib in Frameworks */,
				310B4E7713D3D1D9005FF9C6 /* MobileCoreServices.framework in Frameworks */,
				310B4E7513D3D1D0005FF9C6 /* SystemConfiguration.framework in Frameworks */,
				310B4E7313D3D1CB005FF9C6 /* CFNetwork.framework in Frameworks */,
				310B4E1C13D3C187005FF9C6 /* UIKit.framework in Frameworks */,
				310B4E1E13D3C187005FF9C6 /* Foundation.framework in Frameworks */,
				310B4E2013D3C187005FF9C6 /* CoreGraphics.framework in Frameworks */,
			);
			runOnlyForDeploymentPostprocessing = 0;
		};
/* End PBXFrameworksBuildPhase section */

/* Begin PBXGroup section */
		3104E05313D4756D00C01CE3 /* EGOCache */ = {
			isa = PBXGroup;
			children = (
				3104E05413D4756D00C01CE3 /* EGOCache.h */,
				3104E05513D4756D00C01CE3 /* EGOCache.m */,
			);
			path = EGOCache;
			sourceTree = "<group>";
		};
		3104E05613D4756D00C01CE3 /* EGOImageButton */ = {
			isa = PBXGroup;
			children = (
				3104E05713D4756D00C01CE3 /* EGOImageButton.h */,
				3104E05813D4756D00C01CE3 /* EGOImageButton.m */,
			);
			path = EGOImageButton;
			sourceTree = "<group>";
		};
		3104E05913D4756D00C01CE3 /* EGOImageLoader */ = {
			isa = PBXGroup;
			children = (
				3104E05A13D4756D00C01CE3 /* EGOImageLoadConnection.h */,
				3104E05B13D4756D00C01CE3 /* EGOImageLoadConnection.m */,
				3104E05C13D4756D00C01CE3 /* EGOImageLoader.h */,
				3104E05D13D4756D00C01CE3 /* EGOImageLoader.m */,
			);
			path = EGOImageLoader;
			sourceTree = "<group>";
		};
		3104E05E13D4756D00C01CE3 /* EGOImageView */ = {
			isa = PBXGroup;
			children = (
				3104E05F13D4756D00C01CE3 /* EGOImageView.h */,
				3104E06013D4756D00C01CE3 /* EGOImageView.m */,
			);
			path = EGOImageView;
			sourceTree = "<group>";
		};
		310B4E0C13D3C186005FF9C6 = {
			isa = PBXGroup;
			children = (
				310B4E2113D3C187005FF9C6 /* Cloud31-iPhone */,
				310B4E1A13D3C187005FF9C6 /* Frameworks */,
				310B4E1813D3C187005FF9C6 /* Products */,
				310B4E7813D3D1E5005FF9C6 /* libz.1.2.3.dylib */,
				3116F7E713D3F39F00DAA74A /* QuartzCore.framework */,
				310B4E7613D3D1D9005FF9C6 /* MobileCoreServices.framework */,
				310B4E7413D3D1D0005FF9C6 /* SystemConfiguration.framework */,
				310B4E7213D3D1CB005FF9C6 /* CFNetwork.framework */,
			);
			sourceTree = "<group>";
		};
		310B4E1813D3C187005FF9C6 /* Products */ = {
			isa = PBXGroup;
			children = (
				310B4E1713D3C187005FF9C6 /* Cloud31-iPhone.app */,
			);
			name = Products;
			sourceTree = "<group>";
		};
		310B4E1A13D3C187005FF9C6 /* Frameworks */ = {
			isa = PBXGroup;
			children = (
				310B4E1B13D3C187005FF9C6 /* UIKit.framework */,
				310B4E1D13D3C187005FF9C6 /* Foundation.framework */,
				310B4E1F13D3C187005FF9C6 /* CoreGraphics.framework */,
			);
			name = Frameworks;
			sourceTree = "<group>";
		};
		310B4E2113D3C187005FF9C6 /* Cloud31-iPhone */ = {
			isa = PBXGroup;
			children = (
				317FC1F213D54FAD00F0EEF3 /* Search */,
				3116F7CB13D3EA5900DAA74A /* Common */,
				310B4E7A13D3D231005FF9C6 /* Shared */,
				310B4E4613D3C1BC005FF9C6 /* Controllers */,
				310B4E4513D3C1B6005FF9C6 /* Utils */,
				310B4E2A13D3C187005FF9C6 /* Cloud31_iPhoneAppDelegate.h */,
				310B4E2B13D3C187005FF9C6 /* Cloud31_iPhoneAppDelegate.m */,
				310B4E2D13D3C187005FF9C6 /* MainWindow.xib */,
				310B4E3013D3C187005FF9C6 /* RootViewController.h */,
				310B4E3113D3C187005FF9C6 /* RootViewController.m */,
				310B4E3313D3C187005FF9C6 /* RootViewController.xib */,
				310B4E2213D3C187005FF9C6 /* Supporting Files */,
			);
			path = "Cloud31-iPhone";
			sourceTree = "<group>";
		};
		310B4E2213D3C187005FF9C6 /* Supporting Files */ = {
			isa = PBXGroup;
			children = (
				31B3749113D5B2E40035CE20 /* attach.png */,
				31B3748B13D5B1640035CE20 /* at.png */,
				31B3748C13D5B1640035CE20 /* shop.png */,
				31B3748D13D5B1650035CE20 /* gps.png */,
				31B3748613D5A27A0035CE20 /* tabbar_bubble.png */,
				31B3748413D5A0040035CE20 /* tab_bubble.png */,
				31B3748213D59D430035CE20 /* tab_setting.png */,
				31B3747F13D59D210035CE20 /* tab_home.png */,
				31F9B0E013D58B9600C909B9 /* tab_message.png */,
				319818E613D5485200CD6002 /* CellGradientBackground.png */,
				319818E413D5464500CD6002 /* cell_bg2.png */,
				319818E213D5463700CD6002 /* cell_bg.png */,
				319818E013D545D200CD6002 /* cell_bg2.jpg */,
				319818DE13D5446A00CD6002 /* cell_bg.jpg */,
				319818D813D542DE00CD6002 /* comment.png */,
				319818D913D542DE00CD6002 /* star_on.png */,
				319818DA13D542DE00CD6002 /* star_off.png */,
				3116F87913D3FF0B00DAA74A /* default.png */,
				3116F85E13D3F63400DAA74A /* blueArrow.png */,
				3116F85F13D3F63400DAA74A /* blueArrow@2x.png */,
				3116F7D613D3EF2E00DAA74A /* tab_more.png */,
				3116F7D213D3EE9900DAA74A /* tab_search.png */,
				3116F7D013D3EE6D00DAA74A /* tab_company.png */,
				310B4E4C13D3D07F005FF9C6 /* Introduction_logo.png */,
				310B4E3B13D3C1A0005FF9C6 /* navi_logo.png */,
				310B4E3C13D3C1A0005FF9C6 /* launch.jpg */,
				310B4E3D13D3C1A0005FF9C6 /* launch@2x.jpg */,
				310B4E3E13D3C1A0005FF9C6 /* Icon@2x.jpg */,
				310B4E3F13D3C1A0005FF9C6 /* Icon.jpg */,
				310B4E2313D3C187005FF9C6 /* Cloud31-iPhone-Info.plist */,
				310B4E2413D3C187005FF9C6 /* InfoPlist.strings */,
				310B4E2713D3C187005FF9C6 /* Cloud31-iPhone-Prefix.pch */,
				310B4E2813D3C187005FF9C6 /* main.m */,
			);
			name = "Supporting Files";
			sourceTree = "<group>";
		};
		310B4E4513D3C1B6005FF9C6 /* Utils */ = {
			isa = PBXGroup;
			children = (
				3116F86813D3FE9200DAA74A /* EGOImageLoading */,
				3116F7DB13D3F08300DAA74A /* EGOTableViewPullRefresh */,
				310B4F6213D3DC8A005FF9C6 /* TouchJSON */,
				310B4E4E13D3D11D005FF9C6 /* ASIHTTPRequest */,
			);
			name = Utils;
			sourceTree = "<group>";
		};
		310B4E4613D3C1BC005FF9C6 /* Controllers */ = {
			isa = PBXGroup;
			children = (
				310B4E4713D3C1CE005FF9C6 /* SignViewController.h */,
				310B4E4813D3C1CE005FF9C6 /* SignViewController.m */,
				310B4E4913D3C1CE005FF9C6 /* SignViewController.xib */,
				31B3748813D5AAE30035CE20 /* HomeViewController.h */,
				31B3748913D5AAE30035CE20 /* HomeViewController.m */,
				3116F86213D3F6D400DAA74A /* CompanyViewController.h */,
				3116F86313D3F6D400DAA74A /* CompanyViewController.m */,
				311CDFE713D45F77009E818B /* SettingViewController.h */,
				311CDFE813D45F77009E818B /* SettingViewController.m */,
				31B3750513D5B59E0035CE20 /* MessageViewController.h */,
				31B3750613D5B59E0035CE20 /* MessageViewController.m */,
			);
			name = Controllers;
			sourceTree = "<group>";
		};
		310B4E4E13D3D11D005FF9C6 /* ASIHTTPRequest */ = {
			isa = PBXGroup;
			children = (
				310B4E6B13D3D15C005FF9C6 /* Reachability.h */,
				310B4E6C13D3D15C005FF9C6 /* Reachability.m */,
				310B4E4F13D3D12A005FF9C6 /* ASIAuthenticationDialog.h */,
				310B4E5013D3D12A005FF9C6 /* ASIAuthenticationDialog.m */,
				310B4E5113D3D12A005FF9C6 /* ASICacheDelegate.h */,
				310B4E5213D3D12A005FF9C6 /* ASIDataCompressor.h */,
				310B4E5313D3D12A005FF9C6 /* ASIDataCompressor.m */,
				310B4E5413D3D12A005FF9C6 /* ASIDataDecompressor.h */,
				310B4E5513D3D12A005FF9C6 /* ASIDataDecompressor.m */,
				310B4E5613D3D12A005FF9C6 /* ASIDownloadCache.h */,
				310B4E5713D3D12A005FF9C6 /* ASIDownloadCache.m */,
				310B4E5813D3D12A005FF9C6 /* ASIFormDataRequest.h */,
				310B4E5913D3D12A005FF9C6 /* ASIFormDataRequest.m */,
				310B4E5A13D3D12A005FF9C6 /* ASIHTTPRequest.h */,
				310B4E5B13D3D12A005FF9C6 /* ASIHTTPRequest.m */,
				310B4E5C13D3D12A005FF9C6 /* ASIHTTPRequestConfig.h */,
				310B4E5D13D3D12A005FF9C6 /* ASIHTTPRequestDelegate.h */,
				310B4E5E13D3D12A005FF9C6 /* ASIInputStream.h */,
				310B4E5F13D3D12A005FF9C6 /* ASIInputStream.m */,
				310B4E6013D3D12A005FF9C6 /* ASINetworkQueue.h */,
				310B4E6113D3D12A005FF9C6 /* ASINetworkQueue.m */,
				310B4E6213D3D12A005FF9C6 /* ASIProgressDelegate.h */,
			);
			name = ASIHTTPRequest;
			sourceTree = "<group>";
		};
		310B4E7A13D3D231005FF9C6 /* Shared */ = {
			isa = PBXGroup;
			children = (
				310B4E7B13D3D242005FF9C6 /* UserInfoContainer.h */,
				310B4E7C13D3D242005FF9C6 /* UserInfoContainer.m */,
				311CDFF213D46C1A009E818B /* UserPictureContainer.h */,
				311CDFF313D46C1A009E818B /* UserPictureContainer.m */,
			);
			name = Shared;
			sourceTree = "<group>";
		};
		310B4F6213D3DC8A005FF9C6 /* TouchJSON */ = {
			isa = PBXGroup;
			children = (
				310B4F6313D3DCA0005FF9C6 /* CDataScanner.h */,
				310B4F6413D3DCA0005FF9C6 /* CDataScanner.m */,
				310B4F6513D3DCA0005FF9C6 /* Experimental */,
				310B4F6E13D3DCA0005FF9C6 /* Extensions */,
				310B4F7313D3DCA0005FF9C6 /* JSON */,
			);
			name = TouchJSON;
			sourceTree = "<group>";
		};
		310B4F6513D3DCA0005FF9C6 /* Experimental */ = {
			isa = PBXGroup;
			children = (
				310B4F6613D3DCA0005FF9C6 /* CFilteringJSONSerializer.h */,
				310B4F6713D3DCA0005FF9C6 /* CFilteringJSONSerializer.m */,
				310B4F6813D3DCA0005FF9C6 /* CJSONDeserializer_BlocksExtensions.h */,
				310B4F6913D3DCA0005FF9C6 /* CJSONDeserializer_BlocksExtensions.m */,
				310B4F6A13D3DCA0005FF9C6 /* CJSONSerialization.h */,
				310B4F6B13D3DCA0005FF9C6 /* CJSONSerialization.m */,
				310B4F6C13D3DCA0005FF9C6 /* CJSONSerializedData.h */,
				310B4F6D13D3DCA0005FF9C6 /* CJSONSerializedData.m */,
			);
			path = Experimental;
			sourceTree = "<group>";
		};
		310B4F6E13D3DCA0005FF9C6 /* Extensions */ = {
			isa = PBXGroup;
			children = (
				310B4F6F13D3DCA0005FF9C6 /* CDataScanner_Extensions.h */,
				310B4F7013D3DCA0005FF9C6 /* CDataScanner_Extensions.m */,
				310B4F7113D3DCA0005FF9C6 /* NSDictionary_JSONExtensions.h */,
				310B4F7213D3DCA0005FF9C6 /* NSDictionary_JSONExtensions.m */,
			);
			path = Extensions;
			sourceTree = "<group>";
		};
		310B4F7313D3DCA0005FF9C6 /* JSON */ = {
			isa = PBXGroup;
			children = (
				310B4F7413D3DCA0005FF9C6 /* CJSONDeserializer.h */,
				310B4F7513D3DCA0005FF9C6 /* CJSONDeserializer.m */,
				310B4F7613D3DCA0005FF9C6 /* CJSONScanner.h */,
				310B4F7713D3DCA0005FF9C6 /* CJSONScanner.m */,
				310B4F7813D3DCA0005FF9C6 /* CJSONSerializer.h */,
				310B4F7913D3DCA0005FF9C6 /* CJSONSerializer.m */,
				310B4F7A13D3DCA0005FF9C6 /* JSONRepresentation.h */,
			);
			path = JSON;
			sourceTree = "<group>";
		};
		3116F7CB13D3EA5900DAA74A /* Common */ = {
			isa = PBXGroup;
			children = (
				3116F7CD13D3EAAC00DAA74A /* RootTabBar.h */,
				3116F7CE13D3EAAC00DAA74A /* RootTabBar.m */,
				3116F85B13D3F4D200DAA74A /* RLViewController.h */,
				3116F85C13D3F4D200DAA74A /* RLViewController.m */,
				3116F86513D3FDD900DAA74A /* FeedTableViewCell.h */,
				3116F86613D3FDD900DAA74A /* FeedTableViewCell.m */,
				311CDFED13D464D8009E818B /* FeedPostViewController.h */,
				311CDFEE13D464D8009E818B /* FeedPostViewController.m */,
				311CDFEF13D464D8009E818B /* FeedPostViewController.xib */,
				319818CB13D53B2C00CD6002 /* CommentInfoView.h */,
				319818CC13D53B2C00CD6002 /* CommentInfoView.m */,
				31B3750813D5B5D30035CE20 /* MessageTableViewCell.h */,
				31B3750913D5B5D30035CE20 /* MessageTableViewCell.m */,
			);
			name = Common;
			sourceTree = "<group>";
		};
		3116F7DB13D3F08300DAA74A /* EGOTableViewPullRefresh */ = {
			isa = PBXGroup;
			children = (
				3116F7DC13D3F08B00DAA74A /* EGORefreshTableHeaderView.h */,
				3116F7DD13D3F08B00DAA74A /* EGORefreshTableHeaderView.m */,
			);
			name = EGOTableViewPullRefresh;
			sourceTree = "<group>";
		};
		3116F86813D3FE9200DAA74A /* EGOImageLoading */ = {
			isa = PBXGroup;
			children = (
				3104E05313D4756D00C01CE3 /* EGOCache */,
				3104E05613D4756D00C01CE3 /* EGOImageButton */,
				3104E05913D4756D00C01CE3 /* EGOImageLoader */,
				3104E05E13D4756D00C01CE3 /* EGOImageView */,
			);
			name = EGOImageLoading;
			sourceTree = "<group>";
		};
		317FC1F213D54FAD00F0EEF3 /* Search */ = {
			isa = PBXGroup;
			children = (
				317FC1F413D54FBC00F0EEF3 /* SearchViewController.h */,
				317FC1F513D54FBC00F0EEF3 /* SearchViewController.m */,
				317FC1F613D54FBC00F0EEF3 /* SearchViewController.xib */,
			);
			name = Search;
			sourceTree = "<group>";
		};
/* End PBXGroup section */

/* Begin PBXNativeTarget section */
		310B4E1613D3C187005FF9C6 /* Cloud31-iPhone */ = {
			isa = PBXNativeTarget;
			buildConfigurationList = 310B4E3813D3C187005FF9C6 /* Build configuration list for PBXNativeTarget "Cloud31-iPhone" */;
			buildPhases = (
				310B4E1313D3C187005FF9C6 /* Sources */,
				310B4E1413D3C187005FF9C6 /* Frameworks */,
				310B4E1513D3C187005FF9C6 /* Resources */,
			);
			buildRules = (
			);
			dependencies = (
			);
			name = "Cloud31-iPhone";
			productName = "Cloud31-iPhone";
			productReference = 310B4E1713D3C187005FF9C6 /* Cloud31-iPhone.app */;
			productType = "com.apple.product-type.application";
		};
/* End PBXNativeTarget section */

/* Begin PBXProject section */
		310B4E0E13D3C186005FF9C6 /* Project object */ = {
			isa = PBXProject;
			attributes = {
				ORGANIZATIONNAME = KAIST;
			};
			buildConfigurationList = 310B4E1113D3C186005FF9C6 /* Build configuration list for PBXProject "Cloud31-iPhone" */;
			compatibilityVersion = "Xcode 3.2";
			developmentRegion = English;
			hasScannedForEncodings = 0;
			knownRegions = (
				en,
			);
			mainGroup = 310B4E0C13D3C186005FF9C6;
			productRefGroup = 310B4E1813D3C187005FF9C6 /* Products */;
			projectDirPath = "";
			projectRoot = "";
			targets = (
				310B4E1613D3C187005FF9C6 /* Cloud31-iPhone */,
			);
		};
/* End PBXProject section */

/* Begin PBXResourcesBuildPhase section */
		310B4E1513D3C187005FF9C6 /* Resources */ = {
			isa = PBXResourcesBuildPhase;
			buildActionMask = 2147483647;
			files = (
				310B4E2613D3C187005FF9C6 /* InfoPlist.strings in Resources */,
				310B4E2F13D3C187005FF9C6 /* MainWindow.xib in Resources */,
				310B4E3513D3C187005FF9C6 /* RootViewController.xib in Resources */,
				310B4E4013D3C1A0005FF9C6 /* navi_logo.png in Resources */,
				310B4E4113D3C1A0005FF9C6 /* launch.jpg in Resources */,
				310B4E4213D3C1A0005FF9C6 /* launch@2x.jpg in Resources */,
				310B4E4313D3C1A0005FF9C6 /* Icon@2x.jpg in Resources */,
				310B4E4413D3C1A0005FF9C6 /* Icon.jpg in Resources */,
				310B4E4B13D3C1CE005FF9C6 /* SignViewController.xib in Resources */,
				310B4E4D13D3D07F005FF9C6 /* Introduction_logo.png in Resources */,
				3116F7D113D3EE6D00DAA74A /* tab_company.png in Resources */,
				3116F7D313D3EE9900DAA74A /* tab_search.png in Resources */,
				3116F7D713D3EF2E00DAA74A /* tab_more.png in Resources */,
				3116F86013D3F63400DAA74A /* blueArrow.png in Resources */,
				3116F86113D3F63400DAA74A /* blueArrow@2x.png in Resources */,
				3116F87A13D3FF0B00DAA74A /* default.png in Resources */,
				311CDFF113D464D8009E818B /* FeedPostViewController.xib in Resources */,
				319818DB13D542DE00CD6002 /* comment.png in Resources */,
				319818DC13D542DE00CD6002 /* star_on.png in Resources */,
				319818DD13D542DE00CD6002 /* star_off.png in Resources */,
				319818DF13D5446A00CD6002 /* cell_bg.jpg in Resources */,
				319818E113D545D200CD6002 /* cell_bg2.jpg in Resources */,
				319818E313D5463700CD6002 /* cell_bg.png in Resources */,
				319818E513D5464500CD6002 /* cell_bg2.png in Resources */,
				319818E713D5485200CD6002 /* CellGradientBackground.png in Resources */,
				317FC1F813D54FBC00F0EEF3 /* SearchViewController.xib in Resources */,
				31F9B0E113D58B9600C909B9 /* tab_message.png in Resources */,
				31B3748013D59D210035CE20 /* tab_home.png in Resources */,
				31B3748313D59D430035CE20 /* tab_setting.png in Resources */,
				31B3748513D5A0040035CE20 /* tab_bubble.png in Resources */,
				31B3748713D5A27A0035CE20 /* tabbar_bubble.png in Resources */,
				31B3748E13D5B1650035CE20 /* at.png in Resources */,
				31B3748F13D5B1650035CE20 /* shop.png in Resources */,
				31B3749013D5B1650035CE20 /* gps.png in Resources */,
				31B3749213D5B2E40035CE20 /* attach.png in Resources */,
			);
			runOnlyForDeploymentPostprocessing = 0;
		};
/* End PBXResourcesBuildPhase section */

/* Begin PBXSourcesBuildPhase section */
		310B4E1313D3C187005FF9C6 /* Sources */ = {
			isa = PBXSourcesBuildPhase;
			buildActionMask = 2147483647;
			files = (
				310B4E2913D3C187005FF9C6 /* main.m in Sources */,
				310B4E2C13D3C187005FF9C6 /* Cloud31_iPhoneAppDelegate.m in Sources */,
				310B4E3213D3C187005FF9C6 /* RootViewController.m in Sources */,
				310B4E4A13D3C1CE005FF9C6 /* SignViewController.m in Sources */,
				310B4E6313D3D12A005FF9C6 /* ASIAuthenticationDialog.m in Sources */,
				310B4E6413D3D12A005FF9C6 /* ASIDataCompressor.m in Sources */,
				310B4E6513D3D12A005FF9C6 /* ASIDataDecompressor.m in Sources */,
				310B4E6613D3D12A005FF9C6 /* ASIDownloadCache.m in Sources */,
				310B4E6713D3D12A005FF9C6 /* ASIFormDataRequest.m in Sources */,
				310B4E6813D3D12A005FF9C6 /* ASIHTTPRequest.m in Sources */,
				310B4E6913D3D12A005FF9C6 /* ASIInputStream.m in Sources */,
				310B4E6A13D3D12A005FF9C6 /* ASINetworkQueue.m in Sources */,
				310B4E6D13D3D15C005FF9C6 /* Reachability.m in Sources */,
				310B4E7D13D3D242005FF9C6 /* UserInfoContainer.m in Sources */,
				310B4F7B13D3DCA0005FF9C6 /* CDataScanner.m in Sources */,
				310B4F7C13D3DCA0005FF9C6 /* CFilteringJSONSerializer.m in Sources */,
				310B4F7D13D3DCA0005FF9C6 /* CJSONDeserializer_BlocksExtensions.m in Sources */,
				310B4F7E13D3DCA0005FF9C6 /* CJSONSerialization.m in Sources */,
				310B4F7F13D3DCA0005FF9C6 /* CJSONSerializedData.m in Sources */,
				310B4F8013D3DCA0005FF9C6 /* CDataScanner_Extensions.m in Sources */,
				310B4F8113D3DCA0005FF9C6 /* NSDictionary_JSONExtensions.m in Sources */,
				310B4F8213D3DCA0005FF9C6 /* CJSONDeserializer.m in Sources */,
				310B4F8313D3DCA0005FF9C6 /* CJSONScanner.m in Sources */,
				310B4F8413D3DCA0005FF9C6 /* CJSONSerializer.m in Sources */,
				3116F7CF13D3EAAC00DAA74A /* RootTabBar.m in Sources */,
				3116F7DE13D3F08B00DAA74A /* EGORefreshTableHeaderView.m in Sources */,
				3116F85D13D3F4D200DAA74A /* RLViewController.m in Sources */,
				3116F86413D3F6D400DAA74A /* CompanyViewController.m in Sources */,
				3116F86713D3FDD900DAA74A /* FeedTableViewCell.m in Sources */,
				311CDFE913D45F77009E818B /* SettingViewController.m in Sources */,
				311CDFF013D464D8009E818B /* FeedPostViewController.m in Sources */,
				311CDFF413D46C1A009E818B /* UserPictureContainer.m in Sources */,
				3104E06113D4756D00C01CE3 /* EGOCache.m in Sources */,
				3104E06213D4756D00C01CE3 /* EGOImageButton.m in Sources */,
				3104E06313D4756D00C01CE3 /* EGOImageLoadConnection.m in Sources */,
				3104E06413D4756D00C01CE3 /* EGOImageLoader.m in Sources */,
				3104E06513D4756D00C01CE3 /* EGOImageView.m in Sources */,
				319818CD13D53B2C00CD6002 /* CommentInfoView.m in Sources */,
				317FC1F713D54FBC00F0EEF3 /* SearchViewController.m in Sources */,
				31B3748A13D5AAE30035CE20 /* HomeViewController.m in Sources */,
				31B3750713D5B59F0035CE20 /* MessageViewController.m in Sources */,
				31B3750A13D5B5D40035CE20 /* MessageTableViewCell.m in Sources */,
			);
			runOnlyForDeploymentPostprocessing = 0;
		};
/* End PBXSourcesBuildPhase section */

/* Begin PBXVariantGroup section */
		310B4E2413D3C187005FF9C6 /* InfoPlist.strings */ = {
			isa = PBXVariantGroup;
			children = (
				310B4E2513D3C187005FF9C6 /* en */,
			);
			name = InfoPlist.strings;
			sourceTree = "<group>";
		};
		310B4E2D13D3C187005FF9C6 /* MainWindow.xib */ = {
			isa = PBXVariantGroup;
			children = (
				310B4E2E13D3C187005FF9C6 /* en */,
			);
			name = MainWindow.xib;
			sourceTree = "<group>";
		};
		310B4E3313D3C187005FF9C6 /* RootViewController.xib */ = {
			isa = PBXVariantGroup;
			children = (
				310B4E3413D3C187005FF9C6 /* en */,
			);
			name = RootViewController.xib;
			sourceTree = "<group>";
		};
/* End PBXVariantGroup section */

/* Begin XCBuildConfiguration section */
		310B4E3613D3C187005FF9C6 /* Debug */ = {
			isa = XCBuildConfiguration;
			buildSettings = {
				ARCHS = "$(ARCHS_STANDARD_32_BIT)";
				CODE_SIGN_IDENTITY = "iPhone Developer: Soon Ryun Bae (DFT4U72A95)";
				"CODE_SIGN_IDENTITY[sdk=iphoneos*]" = "iPhone Developer: Soon Ryun Bae (DFT4U72A95)";
				GCC_C_LANGUAGE_STANDARD = gnu99;
				GCC_OPTIMIZATION_LEVEL = 0;
				GCC_PREPROCESSOR_DEFINITIONS = DEBUG;
				GCC_SYMBOLS_PRIVATE_EXTERN = NO;
				GCC_VERSION = com.apple.compilers.llvmgcc42;
				GCC_WARN_ABOUT_RETURN_TYPE = YES;
				GCC_WARN_UNUSED_VARIABLE = YES;
				IPHONEOS_DEPLOYMENT_TARGET = 4.3;
				PROVISIONING_PROFILE = "465E4FC5-A251-43A7-80DB-93AF74F63616";
				"PROVISIONING_PROFILE[sdk=iphoneos*]" = "465E4FC5-A251-43A7-80DB-93AF74F63616";
				SDKROOT = iphoneos;
			};
			name = Debug;
		};
		310B4E3713D3C187005FF9C6 /* Release */ = {
			isa = XCBuildConfiguration;
			buildSettings = {
				ARCHS = "$(ARCHS_STANDARD_32_BIT)";
				CODE_SIGN_IDENTITY = "iPhone Developer: Soon Ryun Bae (DFT4U72A95)";
				"CODE_SIGN_IDENTITY[sdk=iphoneos*]" = "iPhone Developer: Soon Ryun Bae (DFT4U72A95)";
				GCC_C_LANGUAGE_STANDARD = gnu99;
				GCC_VERSION = com.apple.compilers.llvmgcc42;
				GCC_WARN_ABOUT_RETURN_TYPE = YES;
				GCC_WARN_UNUSED_VARIABLE = YES;
				IPHONEOS_DEPLOYMENT_TARGET = 4.3;
				OTHER_CFLAGS = "-DNS_BLOCK_ASSERTIONS=1";
				PROVISIONING_PROFILE = "465E4FC5-A251-43A7-80DB-93AF74F63616";
				"PROVISIONING_PROFILE[sdk=iphoneos*]" = "465E4FC5-A251-43A7-80DB-93AF74F63616";
				SDKROOT = iphoneos;
			};
			name = Release;
		};
		310B4E3913D3C187005FF9C6 /* Debug */ = {
			isa = XCBuildConfiguration;
			buildSettings = {
				ALWAYS_SEARCH_USER_PATHS = NO;
				COPY_PHASE_STRIP = NO;
				GCC_DYNAMIC_NO_PIC = NO;
				GCC_PRECOMPILE_PREFIX_HEADER = YES;
				GCC_PREFIX_HEADER = "Cloud31-iPhone/Cloud31-iPhone-Prefix.pch";
				INFOPLIST_FILE = "Cloud31-iPhone/Cloud31-iPhone-Info.plist";
				PRODUCT_NAME = "$(TARGET_NAME)";
				WRAPPER_EXTENSION = app;
			};
			name = Debug;
		};
		310B4E3A13D3C187005FF9C6 /* Release */ = {
			isa = XCBuildConfiguration;
			buildSettings = {
				ALWAYS_SEARCH_USER_PATHS = NO;
				COPY_PHASE_STRIP = YES;
				GCC_PRECOMPILE_PREFIX_HEADER = YES;
				GCC_PREFIX_HEADER = "Cloud31-iPhone/Cloud31-iPhone-Prefix.pch";
				INFOPLIST_FILE = "Cloud31-iPhone/Cloud31-iPhone-Info.plist";
				PRODUCT_NAME = "$(TARGET_NAME)";
				VALIDATE_PRODUCT = YES;
				WRAPPER_EXTENSION = app;
			};
			name = Release;
		};
/* End XCBuildConfiguration section */

/* Begin XCConfigurationList section */
		310B4E1113D3C186005FF9C6 /* Build configuration list for PBXProject "Cloud31-iPhone" */ = {
			isa = XCConfigurationList;
			buildConfigurations = (
				310B4E3613D3C187005FF9C6 /* Debug */,
				310B4E3713D3C187005FF9C6 /* Release */,
			);
			defaultConfigurationIsVisible = 0;
			defaultConfigurationName = Release;
		};
		310B4E3813D3C187005FF9C6 /* Build configuration list for PBXNativeTarget "Cloud31-iPhone" */ = {
			isa = XCConfigurationList;
			buildConfigurations = (
				310B4E3913D3C187005FF9C6 /* Debug */,
				310B4E3A13D3C187005FF9C6 /* Release */,
			);
			defaultConfigurationIsVisible = 0;
			defaultConfigurationName = Release;
		};
/* End XCConfigurationList section */
	};
	rootObject = 310B4E0E13D3C186005FF9C6 /* Project object */;
}
