// !$*UTF8*$!
{
	archiveVersion = 1;
	classes = {
	};
	objectVersion = 46;
	objects = {

/* Begin PBXBuildFile section */
		310B4E1C13D3C187005FF9C6 /* UIKit.framework in Frameworks */ = {isa = PBXBuildFile; fileRef = 310B4E1B13D3C187005FF9C6 /* UIKit.framework */; };
		310B4E1E13D3C187005FF9C6 /* Foundation.framework in Frameworks */ = {isa = PBXBuildFile; fileRef = 310B4E1D13D3C187005FF9C6 /* Foundation.framework */; };
		310B4E2013D3C187005FF9C6 /* CoreGraphics.framework in Frameworks */ = {isa = PBXBuildFile; fileRef = 310B4E1F13D3C187005FF9C6 /* CoreGraphics.framework */; };
		310B4E2613D3C187005FF9C6 /* InfoPlist.strings in Resources */ = {isa = PBXBuildFile; fileRef = 310B4E2413D3C187005FF9C6 /* InfoPlist.strings */; };
		310B4E2913D3C187005FF9C6 /* main.m in Sources */ = {isa = PBXBuildFile; fileRef = 310B4E2813D3C187005FF9C6 /* main.m */; };
		310B4E2C13D3C187005FF9C6 /* Cloud31_iPhoneAppDelegate.m in Sources */ = {isa = PBXBuildFile; fileRef = 310B4E2B13D3C187005FF9C6 /* Cloud31_iPhoneAppDelegate.m */; };
		310B4E2F13D3C187005FF9C6 /* MainWindow.xib in Resources */ = {isa = PBXBuildFile; fileRef = 310B4E2D13D3C187005FF9C6 /* MainWindow.xib */; };
		310B4E3213D3C187005FF9C6 /* RootViewController.m in Sources */ = {isa = PBXBuildFile; fileRef = 310B4E3113D3C187005FF9C6 /* RootViewController.m */; };
		310B4E3513D3C187005FF9C6 /* RootViewController.xib in Resources */ = {isa = PBXBuildFile; fileRef = 310B4E3313D3C187005FF9C6 /* RootViewController.xib */; };
/* End PBXBuildFile section */

/* Begin PBXFileReference section */
		310B4E1713D3C187005FF9C6 /* Cloud31-iPhone.app */ = {isa = PBXFileReference; explicitFileType = wrapper.application; includeInIndex = 0; path = "Cloud31-iPhone.app"; sourceTree = BUILT_PRODUCTS_DIR; };
		310B4E1B13D3C187005FF9C6 /* UIKit.framework */ = {isa = PBXFileReference; lastKnownFileType = wrapper.framework; name = UIKit.framework; path = System/Library/Frameworks/UIKit.framework; sourceTree = SDKROOT; };
		310B4E1D13D3C187005FF9C6 /* Foundation.framework */ = {isa = PBXFileReference; lastKnownFileType = wrapper.framework; name = Foundation.framework; path = System/Library/Frameworks/Foundation.framework; sourceTree = SDKROOT; };
		310B4E1F13D3C187005FF9C6 /* CoreGraphics.framework */ = {isa = PBXFileReference; lastKnownFileType = wrapper.framework; name = CoreGraphics.framework; path = System/Library/Frameworks/CoreGraphics.framework; sourceTree = SDKROOT; };
		310B4E2313D3C187005FF9C6 /* Cloud31-iPhone-Info.plist */ = {isa = PBXFileReference; path = "Cloud31-iPhone-Info.plist"; sourceTree = "<group>"; };
		310B4E2513D3C187005FF9C6 /* en */ = {isa = PBXFileReference; lastKnownFileType = text.plist.strings; name = en; path = en.lproj/InfoPlist.strings; sourceTree = "<group>"; };
		310B4E2713D3C187005FF9C6 /* Cloud31-iPhone-Prefix.pch */ = {isa = PBXFileReference; path = "Cloud31-iPhone-Prefix.pch"; sourceTree = "<group>"; };
		310B4E2813D3C187005FF9C6 /* main.m */ = {isa = PBXFileReference; lastKnownFileType = sourcecode.c.objc; path = main.m; sourceTree = "<group>"; };
		310B4E2A13D3C187005FF9C6 /* Cloud31_iPhoneAppDelegate.h */ = {isa = PBXFileReference; path = Cloud31_iPhoneAppDelegate.h; sourceTree = "<group>"; };
		310B4E2B13D3C187005FF9C6 /* Cloud31_iPhoneAppDelegate.m */ = {isa = PBXFileReference; lastKnownFileType = sourcecode.c.objc; path = Cloud31_iPhoneAppDelegate.m; sourceTree = "<group>"; };
		310B4E2E13D3C187005FF9C6 /* en */ = {isa = PBXFileReference; lastKnownFileType = file.xib; name = en; path = en.lproj/MainWindow.xib; sourceTree = "<group>"; };
		310B4E3013D3C187005FF9C6 /* RootViewController.h */ = {isa = PBXFileReference; path = RootViewController.h; sourceTree = "<group>"; };
		310B4E3113D3C187005FF9C6 /* RootViewController.m */ = {isa = PBXFileReference; lastKnownFileType = sourcecode.c.objc; path = RootViewController.m; sourceTree = "<group>"; };
		310B4E3413D3C187005FF9C6 /* en */ = {isa = PBXFileReference; lastKnownFileType = file.xib; name = en; path = en.lproj/RootViewController.xib; sourceTree = "<group>"; };
/* End PBXFileReference section */

/* Begin PBXFrameworksBuildPhase section */
		310B4E1413D3C187005FF9C6 /* Frameworks */ = {
			isa = PBXFrameworksBuildPhase;
			buildActionMask = 2147483647;
			files = (
				310B4E1C13D3C187005FF9C6 /* UIKit.framework in Frameworks */,
				310B4E1E13D3C187005FF9C6 /* Foundation.framework in Frameworks */,
				310B4E2013D3C187005FF9C6 /* CoreGraphics.framework in Frameworks */,
			);
			runOnlyForDeploymentPostprocessing = 0;
		};
/* End PBXFrameworksBuildPhase section */

/* Begin PBXGroup section */
		310B4E0C13D3C186005FF9C6 = {
			isa = PBXGroup;
			children = (
				310B4E2113D3C187005FF9C6 /* Cloud31-iPhone */,
				310B4E1A13D3C187005FF9C6 /* Frameworks */,
				310B4E1813D3C187005FF9C6 /* Products */,
			);
			sourceTree = "<group>";
		};
		310B4E1813D3C187005FF9C6 /* Products */ = {
			isa = PBXGroup;
			children = (
				310B4E1713D3C187005FF9C6 /* Cloud31-iPhone.app */,
			);
			name = Products;
			sourceTree = "<group>";
		};
		310B4E1A13D3C187005FF9C6 /* Frameworks */ = {
			isa = PBXGroup;
			children = (
				310B4E1B13D3C187005FF9C6 /* UIKit.framework */,
				310B4E1D13D3C187005FF9C6 /* Foundation.framework */,
				310B4E1F13D3C187005FF9C6 /* CoreGraphics.framework */,
			);
			name = Frameworks;
			sourceTree = "<group>";
		};
		310B4E2113D3C187005FF9C6 /* Cloud31-iPhone */ = {
			isa = PBXGroup;
			children = (
				310B4E2A13D3C187005FF9C6 /* Cloud31_iPhoneAppDelegate.h */,
				310B4E2B13D3C187005FF9C6 /* Cloud31_iPhoneAppDelegate.m */,
				310B4E2D13D3C187005FF9C6 /* MainWindow.xib */,
				310B4E3013D3C187005FF9C6 /* RootViewController.h */,
				310B4E3113D3C187005FF9C6 /* RootViewController.m */,
				310B4E3313D3C187005FF9C6 /* RootViewController.xib */,
				310B4E2213D3C187005FF9C6 /* Supporting Files */,
			);
			path = "Cloud31-iPhone";
			sourceTree = "<group>";
		};
		310B4E2213D3C187005FF9C6 /* Supporting Files */ = {
			isa = PBXGroup;
			children = (
				310B4E2313D3C187005FF9C6 /* Cloud31-iPhone-Info.plist */,
				310B4E2413D3C187005FF9C6 /* InfoPlist.strings */,
				310B4E2713D3C187005FF9C6 /* Cloud31-iPhone-Prefix.pch */,
				310B4E2813D3C187005FF9C6 /* main.m */,
			);
			name = "Supporting Files";
			sourceTree = "<group>";
		};
/* End PBXGroup section */

/* Begin PBXNativeTarget section */
		310B4E1613D3C187005FF9C6 /* Cloud31-iPhone */ = {
			isa = PBXNativeTarget;
			buildConfigurationList = 310B4E3813D3C187005FF9C6 /* Build configuration list for PBXNativeTarget "Cloud31-iPhone" */;
			buildPhases = (
				310B4E1313D3C187005FF9C6 /* Sources */,
				310B4E1413D3C187005FF9C6 /* Frameworks */,
				310B4E1513D3C187005FF9C6 /* Resources */,
			);
			buildRules = (
			);
			dependencies = (
			);
			name = "Cloud31-iPhone";
			productName = "Cloud31-iPhone";
			productReference = 310B4E1713D3C187005FF9C6 /* Cloud31-iPhone.app */;
			productType = "com.apple.product-type.application";
		};
/* End PBXNativeTarget section */

/* Begin PBXProject section */
		310B4E0E13D3C186005FF9C6 /* Project object */ = {
			isa = PBXProject;
			attributes = {
				ORGANIZATIONNAME = KAIST;
			};
			buildConfigurationList = 310B4E1113D3C186005FF9C6 /* Build configuration list for PBXProject "Cloud31-iPhone" */;
			compatibilityVersion = "Xcode 3.2";
			developmentRegion = English;
			hasScannedForEncodings = 0;
			knownRegions = (
				en,
			);
			mainGroup = 310B4E0C13D3C186005FF9C6;
			productRefGroup = 310B4E1813D3C187005FF9C6 /* Products */;
			projectDirPath = "";
			projectRoot = "";
			targets = (
				310B4E1613D3C187005FF9C6 /* Cloud31-iPhone */,
			);
		};
/* End PBXProject section */

/* Begin PBXResourcesBuildPhase section */
		310B4E1513D3C187005FF9C6 /* Resources */ = {
			isa = PBXResourcesBuildPhase;
			buildActionMask = 2147483647;
			files = (
				310B4E2613D3C187005FF9C6 /* InfoPlist.strings in Resources */,
				310B4E2F13D3C187005FF9C6 /* MainWindow.xib in Resources */,
				310B4E3513D3C187005FF9C6 /* RootViewController.xib in Resources */,
			);
			runOnlyForDeploymentPostprocessing = 0;
		};
/* End PBXResourcesBuildPhase section */

/* Begin PBXSourcesBuildPhase section */
		310B4E1313D3C187005FF9C6 /* Sources */ = {
			isa = PBXSourcesBuildPhase;
			buildActionMask = 2147483647;
			files = (
				310B4E2913D3C187005FF9C6 /* main.m in Sources */,
				310B4E2C13D3C187005FF9C6 /* Cloud31_iPhoneAppDelegate.m in Sources */,
				310B4E3213D3C187005FF9C6 /* RootViewController.m in Sources */,
			);
			runOnlyForDeploymentPostprocessing = 0;
		};
/* End PBXSourcesBuildPhase section */

/* Begin PBXVariantGroup section */
		310B4E2413D3C187005FF9C6 /* InfoPlist.strings */ = {
			isa = PBXVariantGroup;
			children = (
				310B4E2513D3C187005FF9C6 /* en */,
			);
			name = InfoPlist.strings;
			sourceTree = "<group>";
		};
		310B4E2D13D3C187005FF9C6 /* MainWindow.xib */ = {
			isa = PBXVariantGroup;
			children = (
				310B4E2E13D3C187005FF9C6 /* en */,
			);
			name = MainWindow.xib;
			sourceTree = "<group>";
		};
		310B4E3313D3C187005FF9C6 /* RootViewController.xib */ = {
			isa = PBXVariantGroup;
			children = (
				310B4E3413D3C187005FF9C6 /* en */,
			);
			name = RootViewController.xib;
			sourceTree = "<group>";
		};
/* End PBXVariantGroup section */

/* Begin XCBuildConfiguration section */
		310B4E3613D3C187005FF9C6 /* Debug */ = {
			isa = XCBuildConfiguration;
			buildSettings = {
				ARCHS = "$(ARCHS_STANDARD_32_BIT)";
				"CODE_SIGN_IDENTITY[sdk=iphoneos*]" = "iPhone Developer";
				GCC_C_LANGUAGE_STANDARD = gnu99;
				GCC_OPTIMIZATION_LEVEL = 0;
				GCC_PREPROCESSOR_DEFINITIONS = DEBUG;
				GCC_SYMBOLS_PRIVATE_EXTERN = NO;
				GCC_VERSION = com.apple.compilers.llvmgcc42;
				GCC_WARN_ABOUT_RETURN_TYPE = YES;
				GCC_WARN_UNUSED_VARIABLE = YES;
				IPHONEOS_DEPLOYMENT_TARGET = 4.3;
				SDKROOT = iphoneos;
			};
			name = Debug;
		};
		310B4E3713D3C187005FF9C6 /* Release */ = {
			isa = XCBuildConfiguration;
			buildSettings = {
				ARCHS = "$(ARCHS_STANDARD_32_BIT)";
				"CODE_SIGN_IDENTITY[sdk=iphoneos*]" = "iPhone Developer";
				GCC_C_LANGUAGE_STANDARD = gnu99;
				GCC_VERSION = com.apple.compilers.llvmgcc42;
				GCC_WARN_ABOUT_RETURN_TYPE = YES;
				GCC_WARN_UNUSED_VARIABLE = YES;
				IPHONEOS_DEPLOYMENT_TARGET = 4.3;
				OTHER_CFLAGS = "-DNS_BLOCK_ASSERTIONS=1";
				SDKROOT = iphoneos;
			};
			name = Release;
		};
		310B4E3913D3C187005FF9C6 /* Debug */ = {
			isa = XCBuildConfiguration;
			buildSettings = {
				ALWAYS_SEARCH_USER_PATHS = NO;
				COPY_PHASE_STRIP = NO;
				GCC_DYNAMIC_NO_PIC = NO;
				GCC_PRECOMPILE_PREFIX_HEADER = YES;
				GCC_PREFIX_HEADER = "Cloud31-iPhone/Cloud31-iPhone-Prefix.pch";
				INFOPLIST_FILE = "Cloud31-iPhone/Cloud31-iPhone-Info.plist";
				PRODUCT_NAME = "$(TARGET_NAME)";
				WRAPPER_EXTENSION = app;
			};
			name = Debug;
		};
		310B4E3A13D3C187005FF9C6 /* Release */ = {
			isa = XCBuildConfiguration;
			buildSettings = {
				ALWAYS_SEARCH_USER_PATHS = NO;
				COPY_PHASE_STRIP = YES;
				GCC_PRECOMPILE_PREFIX_HEADER = YES;
				GCC_PREFIX_HEADER = "Cloud31-iPhone/Cloud31-iPhone-Prefix.pch";
				INFOPLIST_FILE = "Cloud31-iPhone/Cloud31-iPhone-Info.plist";
				PRODUCT_NAME = "$(TARGET_NAME)";
				VALIDATE_PRODUCT = YES;
				WRAPPER_EXTENSION = app;
			};
			name = Release;
		};
/* End XCBuildConfiguration section */

/* Begin XCConfigurationList section */
		310B4E1113D3C186005FF9C6 /* Build configuration list for PBXProject "Cloud31-iPhone" */ = {
			isa = XCConfigurationList;
			buildConfigurations = (
				310B4E3613D3C187005FF9C6 /* Debug */,
				310B4E3713D3C187005FF9C6 /* Release */,
			);
			defaultConfigurationIsVisible = 0;
			defaultConfigurationName = Release;
		};
		310B4E3813D3C187005FF9C6 /* Build configuration list for PBXNativeTarget "Cloud31-iPhone" */ = {
			isa = XCConfigurationList;
			buildConfigurations = (
				310B4E3913D3C187005FF9C6 /* Debug */,
				310B4E3A13D3C187005FF9C6 /* Release */,
			);
			defaultConfigurationIsVisible = 0;
		};
/* End XCConfigurationList section */
	};
	rootObject = 310B4E0E13D3C186005FF9C6 /* Project object */;
}
